{
  "name": "server",
  "version": "1.0.0",
  "lockfileVersion": 2,
  "requires": true,
  "packages": {
    "": {
      "name": "server",
      "version": "1.0.0",
      "license": "ISC",
      "dependencies": {
        "@vendia/serverless-express": "^4.5.2"
      }
    },
    "node_modules/@vendia/serverless-express": {
      "version": "4.5.2",
      "resolved": "https://registry.npmjs.org/@vendia/serverless-express/-/serverless-express-4.5.2.tgz",
      "integrity": "sha512-mekBOPnBxfhIvBYKVwfvjp9NtS+bOs3F08Vudxa3Fb7zkxtdjRn0UMLRT6zwWf6i4V5rjk2aEhzbIDSCV1GQ0w==",
      "engines": {
        "node": ">=12"
      }
    }
  },
  "dependencies": {
    "@vendia/serverless-express": {
      "version": "4.5.2",
      "resolved": "https://registry.npmjs.org/@vendia/serverless-express/-/serverless-express-4.5.2.tgz",
      "integrity": "sha512-mekBOPnBxfhIvBYKVwfvjp9NtS+bOs3F08Vudxa3Fb7zkxtdjRn0UMLRT6zwWf6i4V5rjk2aEhzbIDSCV1GQ0w=="
    }
  }
}
